<?xml version="1.0" encoding="utf-8"?>
<Project ToolsVersion="4.0" xmlns="http://schemas.microsoft.com/developer/msbuild/2003">
  <ItemGroup>
    <Filter Include="源文件">
      <UniqueIdentifier>{4FC737F1-C7A5-4376-A066-2A32D752A2FF}</UniqueIdentifier>
      <Extensions>cpp;c;cc;cxx;c++;cppm;ixx;def;odl;idl;hpj;bat;asm;asmx</Extensions>
    </Filter>
    <Filter Include="头文件">
      <UniqueIdentifier>{93995380-89BD-4b04-88EB-625FBE52EBFB}</UniqueIdentifier>
      <Extensions>h;hh;hpp;hxx;h++;hm;inl;inc;ipp;xsd</Extensions>
    </Filter>
    <Filter Include="资源文件">
      <UniqueIdentifier>{67DA6AB6-F800-4c08-8B7A-83BB121AAD01}</UniqueIdentifier>
      <Extensions>rc;ico;cur;bmp;dlg;rc2;rct;bin;rgs;gif;jpg;jpeg;jpe;resx;tiff;tif;png;wav;mfcribbon-ms</Extensions>
    </Filter>
    <Filter Include="WelkinEngine">
      <UniqueIdentifier>{2a2b6d5c-b20d-4575-a232-34c25b08f680}</UniqueIdentifier>
    </Filter>
    <Filter Include="BasicLib">
      <UniqueIdentifier>{25e0b23a-59f3-45d9-adee-c7d2d54687bf}</UniqueIdentifier>
    </Filter>
  </ItemGroup>
  <ItemGroup>
    <ClCompile Include="Configuration.cpp">
      <Filter>源文件</Filter>
    </ClCompile>
    <ClCompile Include="EventRegistry.cpp">
      <Filter>源文件</Filter>
    </ClCompile>
    <ClCompile Include="main.cpp">
      <Filter>源文件</Filter>
    </ClCompile>
    <ClCompile Include="TypeParser.cpp">
      <Filter>源文件</Filter>
    </ClCompile>
    <ClCompile Include="Lib\WelkinNetwork.cpp">
      <Filter>WelkinEngine</Filter>
    </ClCompile>
    <ClCompile Include="Lib\WelkinException.cpp">
      <Filter>WelkinEngine</Filter>
    </ClCompile>
    <ClCompile Include="Lib\WelkinObject.cpp">
      <Filter>WelkinEngine</Filter>
    </ClCompile>
    <ClCompile Include="Lib\WelkinEvents.cpp">
      <Filter>WelkinEngine</Filter>
    </ClCompile>
    <ClCompile Include="Lib\WelkinManager.cpp">
      <Filter>WelkinEngine</Filter>
    </ClCompile>
    <ClCompile Include="Lib\WelkinVision.cpp">
      <Filter>WelkinEngine</Filter>
    </ClCompile>
    <ClCompile Include="Lib\ThreadLib.cpp">
      <Filter>BasicLib</Filter>
    </ClCompile>
    <ClCompile Include="Lib\TimeLib.cpp">
      <Filter>BasicLib</Filter>
    </ClCompile>
  </ItemGroup>
  <ItemGroup>
    <ClInclude Include="Configuration.h">
      <Filter>头文件</Filter>
    </ClInclude>
    <ClInclude Include="EventRegistry.h">
      <Filter>头文件</Filter>
    </ClInclude>
    <ClInclude Include="resource.h">
      <Filter>头文件</Filter>
    </ClInclude>
    <ClInclude Include="TypeParser.h">
      <Filter>头文件</Filter>
    </ClInclude>
    <ClInclude Include="Lib\WelkinException.h">
      <Filter>WelkinEngine</Filter>
    </ClInclude>
    <ClInclude Include="Lib\WelkinNetwork.h">
      <Filter>WelkinEngine</Filter>
    </ClInclude>
    <ClInclude Include="Lib\WelkinString.h">
      <Filter>WelkinEngine</Filter>
    </ClInclude>
    <ClInclude Include="Lib\WelkinObject.h">
      <Filter>WelkinEngine</Filter>
    </ClInclude>
    <ClInclude Include="Lib\WelkinTypes.h">
      <Filter>WelkinEngine</Filter>
    </ClInclude>
    <ClInclude Include="Lib\WelkinManager.h">
      <Filter>WelkinEngine</Filter>
    </ClInclude>
    <ClInclude Include="Lib\WelkinEvents.h">
      <Filter>WelkinEngine</Filter>
    </ClInclude>
    <ClInclude Include="Lib\WelkinVision.h">
      <Filter>WelkinEngine</Filter>
    </ClInclude>
    <ClInclude Include="Lib\TimeLib.h">
      <Filter>BasicLib</Filter>
    </ClInclude>
    <ClInclude Include="Lib\ThreadLib.h">
      <Filter>BasicLib</Filter>
    </ClInclude>
    <ClInclude Include="Lib\WelkinScene.h">
      <Filter>WelkinEngine</Filter>
    </ClInclude>
  </ItemGroup>
  <ItemGroup>
    <None Include="packages.config" />
  </ItemGroup>
</Project>